
Microsoft Visual Studio Solution File, Format Version 12.00
# Visual Studio Version 17
VisualStudioVersion = 17.0.31903.59
MinimumVisualStudioVersion = 10.0.40219.1
Project("{2150E333-8FDC-42A3-9474-1A3956D46DE8}") = "src", "src", "{827E0CD3-B72D-47B6-A68D-7590B98EB39B}"
EndProject
Project("{FAE04EC0-301F-11D3-BF4B-00C04F79EFBC}") = "WinDiag.Mcp", "src\WinDiag.Mcp\WinDiag.Mcp.csproj", "{1BF1F842-1BAF-4C14-AFC5-6B487CD58732}"
EndProject
Project("{FAE04EC0-301F-11D3-BF4B-00C04F79EFBC}") = "WinDiag.Mcp.Tests", "tests\WinDiag.Mcp.Tests\WinDiag.Mcp.Tests.csproj", "{5320AE00-8094-4983-B13B-DC36D0076629}"
EndProject
Project("{FAE04EC0-301F-11D3-BF4B-00C04F79EFBC}") = "WinDiag.Mcp.OnTarget", "tests\WinDiag.Mcp.OnTarget\WinDiag.Mcp.OnTarget.csproj", "{0ACCA640-BAF5-4A3E-8486-0E5C9A56050D}"
EndProject
Project("{FAE04EC0-301F-11D3-BF4B-00C04F79EFBC}") = "Diag.Mcp.Core", "src\Diag.Mcp.Core\Diag.Mcp.Core.csproj", "{847C140E-1F33-43CB-87E0-294203F9B1D5}"
EndProject
Project("{FAE04EC0-301F-11D3-BF4B-00C04F79EFBC}") = "DiagRelay.Mcp", "src\DiagRelay.Mcp\DiagRelay.Mcp.csproj", "{EAF6A8AE-3F34-4D8D-85D6-0B83AFC6E144}"
EndProject
Project("{FAE04EC0-301F-11D3-BF4B-00C04F79EFBC}") = "DiagRelay.Mcp.Tests", "tests\DiagRelay.Mcp.Tests\DiagRelay.Mcp.Tests.csproj", "{70F47413-20DA-41BA-ABE5-50E2ABBA0B60}"
EndProject
Project("{FAE04EC0-301F-11D3-BF4B-00C04F79EFBC}") = "Diag.Mcp.Server.Tests", "tests\Diag.Mcp.Server.Tests\Diag.Mcp.Server.Tests.csproj", "{6C932184-783C-4F77-A5AD-B7F4B4EC67B7}"
EndProject
Project("{FAE04EC0-301F-11D3-BF4B-00C04F79EFBC}") = "Diag.Mcp.Server", "src\Diag.Mcp.Server\Diag.Mcp.Server.csproj", "{44E6F8E3-D478-4F5A-88D4-C0E97FCF82F2}"
EndProject
Project("{FAE04EC0-301F-11D3-BF4B-00C04F79EFBC}") = "LinuxDiag.Mcp", "src\LinuxDiag.Mcp\LinuxDiag.Mcp.csproj", "{AC15022A-C3B8-48A4-9DB6-D3E24273810D}"
EndProject
Project("{FAE04EC0-301F-11D3-BF4B-00C04F79EFBC}") = "LinuxDiag.Mcp.Tests", "tests\LinuxDiag.Mcp.Tests\LinuxDiag.Mcp.Tests.csproj", "{5E4C33EE-1307-41DA-B90C-1885140FD7E8}"
EndProject
Project("{FAE04EC0-301F-11D3-BF4B-00C04F79EFBC}") = "MacDiag.Mcp", "src\MacDiag.Mcp\MacDiag.Mcp.csproj", "{C58DFEDD-B9E2-452D-B37A-4F46645AF376}"
EndProject
Project("{FAE04EC0-301F-11D3-BF4B-00C04F79EFBC}") = "MacDiag.Mcp.Tests", "tests\MacDiag.Mcp.Tests\MacDiag.Mcp.Tests.csproj", "{E6B16D3C-09E5-4A10-B541-CFA29E817936}"
EndProject
Global
	GlobalSection(SolutionConfigurationPlatforms) = preSolution
		Debug|Any CPU = Debug|Any CPU
		Debug|x64 = Debug|x64
		Debug|x86 = Debug|x86
		Release|Any CPU = Release|Any CPU
		Release|x64 = Release|x64
		Release|x86 = Release|x86
	EndGlobalSection
	GlobalSection(ProjectConfigurationPlatforms) = postSolution
		{1BF1F842-1BAF-4C14-AFC5-6B487CD58732}.Debug|Any CPU.ActiveCfg = Debug|Any CPU
		{1BF1F842-1BAF-4C14-AFC5-6B487CD58732}.Debug|Any CPU.Build.0 = Debug|Any CPU
		{1BF1F842-1BAF-4C14-AFC5-6B487CD58732}.Debug|x64.ActiveCfg = Debug|Any CPU
		{1BF1F842-1BAF-4C14-AFC5-6B487CD58732}.Debug|x64.Build.0 = Debug|Any CPU
		{1BF1F842-1BAF-4C14-AFC5-6B487CD58732}.Debug|x86.ActiveCfg = Debug|Any CPU
		{1BF1F842-1BAF-4C14-AFC5-6B487CD58732}.Debug|x86.Build.0 = Debug|Any CPU
		{1BF1F842-1BAF-4C14-AFC5-6B487CD58732}.Release|Any CPU.ActiveCfg = Release|Any CPU
		{1BF1F842-1BAF-4C14-AFC5-6B487CD58732}.Release|Any CPU.Build.0 = Release|Any CPU
		{1BF1F842-1BAF-4C14-AFC5-6B487CD58732}.Release|x64.ActiveCfg = Release|Any CPU
		{1BF1F842-1BAF-4C14-AFC5-6B487CD58732}.Release|x64.Build.0 = Release|Any CPU
		{1BF1F842-1BAF-4C14-AFC5-6B487CD58732}.Release|x86.ActiveCfg = Release|Any CPU
		{1BF1F842-1BAF-4C14-AFC5-6B487CD58732}.Release|x86.Build.0 = Release|Any CPU
		{5320AE00-8094-4983-B13B-DC36D0076629}.Debug|Any CPU.ActiveCfg = Debug|Any CPU
		{5320AE00-8094-4983-B13B-DC36D0076629}.Debug|Any CPU.Build.0 = Debug|Any CPU
		{5320AE00-8094-4983-B13B-DC36D0076629}.Debug|x64.ActiveCfg = Debug|Any CPU
		{5320AE00-8094-4983-B13B-DC36D0076629}.Debug|x64.Build.0 = Debug|Any CPU
		{5320AE00-8094-4983-B13B-DC36D0076629}.Debug|x86.ActiveCfg = Debug|Any CPU
		{5320AE00-8094-4983-B13B-DC36D0076629}.Debug|x86.Build.0 = Debug|Any CPU
		{5320AE00-8094-4983-B13B-DC36D0076629}.Release|Any CPU.ActiveCfg = Release|Any CPU
		{5320AE00-8094-4983-B13B-DC36D0076629}.Release|Any CPU.Build.0 = Release|Any CPU
		{5320AE00-8094-4983-B13B-DC36D0076629}.Release|x64.ActiveCfg = Release|Any CPU
		{5320AE00-8094-4983-B13B-DC36D0076629}.Release|x64.Build.0 = Release|Any CPU
		{5320AE00-8094-4983-B13B-DC36D0076629}.Release|x86.ActiveCfg = Release|Any CPU
		{5320AE00-8094-4983-B13B-DC36D0076629}.Release|x86.Build.0 = Release|Any CPU
		{0ACCA640-BAF5-4A3E-8486-0E5C9A56050D}.Debug|Any CPU.ActiveCfg = Debug|Any CPU
		{0ACCA640-BAF5-4A3E-8486-0E5C9A56050D}.Debug|Any CPU.Build.0 = Debug|Any CPU
		{0ACCA640-BAF5-4A3E-8486-0E5C9A56050D}.Debug|x64.ActiveCfg = Debug|Any CPU
		{0ACCA640-BAF5-4A3E-8486-0E5C9A56050D}.Debug|x64.Build.0 = Debug|Any CPU
		{0ACCA640-BAF5-4A3E-8486-0E5C9A56050D}.Debug|x86.ActiveCfg = Debug|Any CPU
		{0ACCA640-BAF5-4A3E-8486-0E5C9A56050D}.Debug|x86.Build.0 = Debug|Any CPU
		{0ACCA640-BAF5-4A3E-8486-0E5C9A56050D}.Release|Any CPU.ActiveCfg = Release|Any CPU
		{0ACCA640-BAF5-4A3E-8486-0E5C9A56050D}.Release|Any CPU.Build.0 = Release|Any CPU
		{0ACCA640-BAF5-4A3E-8486-0E5C9A56050D}.Release|x64.ActiveCfg = Release|Any CPU
		{0ACCA640-BAF5-4A3E-8486-0E5C9A56050D}.Release|x64.Build.0 = Release|Any CPU
		{0ACCA640-BAF5-4A3E-8486-0E5C9A56050D}.Release|x86.ActiveCfg = Release|Any CPU
		{0ACCA640-BAF5-4A3E-8486-0E5C9A56050D}.Release|x86.Build.0 = Release|Any CPU
		{847C140E-1F33-43CB-87E0-294203F9B1D5}.Debug|Any CPU.ActiveCfg = Debug|Any CPU
		{847C140E-1F33-43CB-87E0-294203F9B1D5}.Debug|Any CPU.Build.0 = Debug|Any CPU
		{847C140E-1F33-43CB-87E0-294203F9B1D5}.Debug|x64.ActiveCfg = Debug|Any CPU
		{847C140E-1F33-43CB-87E0-294203F9B1D5}.Debug|x64.Build.0 = Debug|Any CPU
		{847C140E-1F33-43CB-87E0-294203F9B1D5}.Debug|x86.ActiveCfg = Debug|Any CPU
		{847C140E-1F33-43CB-87E0-294203F9B1D5}.Debug|x86.Build.0 = Debug|Any CPU
		{847C140E-1F33-43CB-87E0-294203F9B1D5}.Release|Any CPU.ActiveCfg = Release|Any CPU
		{847C140E-1F33-43CB-87E0-294203F9B1D5}.Release|Any CPU.Build.0 = Release|Any CPU
		{847C140E-1F33-43CB-87E0-294203F9B1D5}.Release|x64.ActiveCfg = Release|Any CPU
		{847C140E-1F33-43CB-87E0-294203F9B1D5}.Release|x64.Build.0 = Release|Any CPU
		{847C140E-1F33-43CB-87E0-294203F9B1D5}.Release|x86.ActiveCfg = Release|Any CPU
		{847C140E-1F33-43CB-87E0-294203F9B1D5}.Release|x86.Build.0 = Release|Any CPU
		{EAF6A8AE-3F34-4D8D-85D6-0B83AFC6E144}.Debug|Any CPU.ActiveCfg = Debug|Any CPU
		{EAF6A8AE-3F34-4D8D-85D6-0B83AFC6E144}.Debug|Any CPU.Build.0 = Debug|Any CPU
		{EAF6A8AE-3F34-4D8D-85D6-0B83AFC6E144}.Debug|x64.ActiveCfg = Debug|Any CPU
		{EAF6A8AE-3F34-4D8D-85D6-0B83AFC6E144}.Debug|x64.Build.0 = Debug|Any CPU
		{EAF6A8AE-3F34-4D8D-85D6-0B83AFC6E144}.Debug|x86.ActiveCfg = Debug|Any CPU
		{EAF6A8AE-3F34-4D8D-85D6-0B83AFC6E144}.Debug|x86.Build.0 = Debug|Any CPU
		{EAF6A8AE-3F34-4D8D-85D6-0B83AFC6E144}.Release|Any CPU.ActiveCfg = Release|Any CPU
		{EAF6A8AE-3F34-4D8D-85D6-0B83AFC6E144}.Release|Any CPU.Build.0 = Release|Any CPU
		{EAF6A8AE-3F34-4D8D-85D6-0B83AFC6E144}.Release|x64.ActiveCfg = Release|Any CPU
		{EAF6A8AE-3F34-4D8D-85D6-0B83AFC6E144}.Release|x64.Build.0 = Release|Any CPU
		{EAF6A8AE-3F34-4D8D-85D6-0B83AFC6E144}.Release|x86.ActiveCfg = Release|Any CPU
		{EAF6A8AE-3F34-4D8D-85D6-0B83AFC6E144}.Release|x86.Build.0 = Release|Any CPU
		{70F47413-20DA-41BA-ABE5-50E2ABBA0B60}.Debug|Any CPU.ActiveCfg = Debug|Any CPU
		{70F47413-20DA-41BA-ABE5-50E2ABBA0B60}.Debug|Any CPU.Build.0 = Debug|Any CPU
		{70F47413-20DA-41BA-ABE5-50E2ABBA0B60}.Debug|x64.ActiveCfg = Debug|Any CPU
		{70F47413-20DA-41BA-ABE5-50E2ABBA0B60}.Debug|x64.Build.0 = Debug|Any CPU
		{70F47413-20DA-41BA-ABE5-50E2ABBA0B60}.Debug|x86.ActiveCfg = Debug|Any CPU
		{70F47413-20DA-41BA-ABE5-50E2ABBA0B60}.Debug|x86.Build.0 = Debug|Any CPU
		{70F47413-20DA-41BA-ABE5-50E2ABBA0B60}.Release|Any CPU.ActiveCfg = Release|Any CPU
		{70F47413-20DA-41BA-ABE5-50E2ABBA0B60}.Release|Any CPU.Build.0 = Release|Any CPU
		{70F47413-20DA-41BA-ABE5-50E2ABBA0B60}.Release|x64.ActiveCfg = Release|Any CPU
		{70F47413-20DA-41BA-ABE5-50E2ABBA0B60}.Release|x64.Build.0 = Release|Any CPU
		{70F47413-20DA-41BA-ABE5-50E2ABBA0B60}.Release|x86.ActiveCfg = Release|Any CPU
		{70F47413-20DA-41BA-ABE5-50E2ABBA0B60}.Release|x86.Build.0 = Release|Any CPU
		{6C932184-783C-4F77-A5AD-B7F4B4EC67B7}.Debug|Any CPU.ActiveCfg = Debug|Any CPU
		{6C932184-783C-4F77-A5AD-B7F4B4EC67B7}.Debug|Any CPU.Build.0 = Debug|Any CPU
		{6C932184-783C-4F77-A5AD-B7F4B4EC67B7}.Debug|x64.ActiveCfg = Debug|Any CPU
		{6C932184-783C-4F77-A5AD-B7F4B4EC67B7}.Debug|x64.Build.0 = Debug|Any CPU
		{6C932184-783C-4F77-A5AD-B7F4B4EC67B7}.Debug|x86.ActiveCfg = Debug|Any CPU
		{6C932184-783C-4F77-A5AD-B7F4B4EC67B7}.Debug|x86.Build.0 = Debug|Any CPU
		{6C932184-783C-4F77-A5AD-B7F4B4EC67B7}.Release|Any CPU.ActiveCfg = Release|Any CPU
		{6C932184-783C-4F77-A5AD-B7F4B4EC67B7}.Release|Any CPU.Build.0 = Release|Any CPU
		{6C932184-783C-4F77-A5AD-B7F4B4EC67B7}.Release|x64.ActiveCfg = Release|Any CPU
		{6C932184-783C-4F77-A5AD-B7F4B4EC67B7}.Release|x64.Build.0 = Release|Any CPU
		{6C932184-783C-4F77-A5AD-B7F4B4EC67B7}.Release|x86.ActiveCfg = Release|Any CPU
		{6C932184-783C-4F77-A5AD-B7F4B4EC67B7}.Release|x86.Build.0 = Release|Any CPU
		{44E6F8E3-D478-4F5A-88D4-C0E97FCF82F2}.Debug|Any CPU.ActiveCfg = Debug|Any CPU
		{44E6F8E3-D478-4F5A-88D4-C0E97FCF82F2}.Debug|Any CPU.Build.0 = Debug|Any CPU
		{44E6F8E3-D478-4F5A-88D4-C0E97FCF82F2}.Debug|x64.ActiveCfg = Debug|Any CPU
		{44E6F8E3-D478-4F5A-88D4-C0E97FCF82F2}.Debug|x64.Build.0 = Debug|Any CPU
		{44E6F8E3-D478-4F5A-88D4-C0E97FCF82F2}.Debug|x86.ActiveCfg = Debug|Any CPU
		{44E6F8E3-D478-4F5A-88D4-C0E97FCF82F2}.Debug|x86.Build.0 = Debug|Any CPU
		{44E6F8E3-D478-4F5A-88D4-C0E97FCF82F2}.Release|Any CPU.ActiveCfg = Release|Any CPU
		{44E6F8E3-D478-4F5A-88D4-C0E97FCF82F2}.Release|Any CPU.Build.0 = Release|Any CPU
		{44E6F8E3-D478-4F5A-88D4-C0E97FCF82F2}.Release|x64.ActiveCfg = Release|Any CPU
		{44E6F8E3-D478-4F5A-88D4-C0E97FCF82F2}.Release|x64.Build.0 = Release|Any CPU
		{44E6F8E3-D478-4F5A-88D4-C0E97FCF82F2}.Release|x86.ActiveCfg = Release|Any CPU
		{44E6F8E3-D478-4F5A-88D4-C0E97FCF82F2}.Release|x86.Build.0 = Release|Any CPU
		{AC15022A-C3B8-48A4-9DB6-D3E24273810D}.Debug|Any CPU.ActiveCfg = Debug|Any CPU
		{AC15022A-C3B8-48A4-9DB6-D3E24273810D}.Debug|Any CPU.Build.0 = Debug|Any CPU
		{AC15022A-C3B8-48A4-9DB6-D3E24273810D}.Debug|x64.ActiveCfg = Debug|Any CPU
		{AC15022A-C3B8-48A4-9DB6-D3E24273810D}.Debug|x64.Build.0 = Debug|Any CPU
		{AC15022A-C3B8-48A4-9DB6-D3E24273810D}.Debug|x86.ActiveCfg = Debug|Any CPU
		{AC15022A-C3B8-48A4-9DB6-D3E24273810D}.Debug|x86.Build.0 = Debug|Any CPU
		{AC15022A-C3B8-48A4-9DB6-D3E24273810D}.Release|Any CPU.ActiveCfg = Release|Any CPU
		{AC15022A-C3B8-48A4-9DB6-D3E24273810D}.Release|Any CPU.Build.0 = Release|Any CPU
		{AC15022A-C3B8-48A4-9DB6-D3E24273810D}.Release|x64.ActiveCfg = Release|Any CPU
		{AC15022A-C3B8-48A4-9DB6-D3E24273810D}.Release|x64.Build.0 = Release|Any CPU
		{AC15022A-C3B8-48A4-9DB6-D3E24273810D}.Release|x86.ActiveCfg = Release|Any CPU
		{AC15022A-C3B8-48A4-9DB6-D3E24273810D}.Release|x86.Build.0 = Release|Any CPU
		{5E4C33EE-1307-41DA-B90C-1885140FD7E8}.Debug|Any CPU.ActiveCfg = Debug|Any CPU
		{5E4C33EE-1307-41DA-B90C-1885140FD7E8}.Debug|Any CPU.Build.0 = Debug|Any CPU
		{5E4C33EE-1307-41DA-B90C-1885140FD7E8}.Debug|x64.ActiveCfg = Debug|Any CPU
		{5E4C33EE-1307-41DA-B90C-1885140FD7E8}.Debug|x64.Build.0 = Debug|Any CPU
		{5E4C33EE-1307-41DA-B90C-1885140FD7E8}.Debug|x86.ActiveCfg = Debug|Any CPU
		{5E4C33EE-1307-41DA-B90C-1885140FD7E8}.Debug|x86.Build.0 = Debug|Any CPU
		{5E4C33EE-1307-41DA-B90C-1885140FD7E8}.Release|Any CPU.ActiveCfg = Release|Any CPU
		{5E4C33EE-1307-41DA-B90C-1885140FD7E8}.Release|Any CPU.Build.0 = Release|Any CPU
		{5E4C33EE-1307-41DA-B90C-1885140FD7E8}.Release|x64.ActiveCfg = Release|Any CPU
		{5E4C33EE-1307-41DA-B90C-1885140FD7E8}.Release|x64.Build.0 = Release|Any CPU
		{5E4C33EE-1307-41DA-B90C-1885140FD7E8}.Release|x86.ActiveCfg = Release|Any CPU
		{5E4C33EE-1307-41DA-B90C-1885140FD7E8}.Release|x86.Build.0 = Release|Any CPU
		{C58DFEDD-B9E2-452D-B37A-4F46645AF376}.Debug|Any CPU.ActiveCfg = Debug|Any CPU
		{C58DFEDD-B9E2-452D-B37A-4F46645AF376}.Debug|Any CPU.Build.0 = Debug|Any CPU
		{C58DFEDD-B9E2-452D-B37A-4F46645AF376}.Debug|x64.ActiveCfg = Debug|Any CPU
		{C58DFEDD-B9E2-452D-B37A-4F46645AF376}.Debug|x64.Build.0 = Debug|Any CPU
		{C58DFEDD-B9E2-452D-B37A-4F46645AF376}.Debug|x86.ActiveCfg = Debug|Any CPU
		{C58DFEDD-B9E2-452D-B37A-4F46645AF376}.Debug|x86.Build.0 = Debug|Any CPU
		{C58DFEDD-B9E2-452D-B37A-4F46645AF376}.Release|Any CPU.ActiveCfg = Release|Any CPU
		{C58DFEDD-B9E2-452D-B37A-4F46645AF376}.Release|Any CPU.Build.0 = Release|Any CPU
		{C58DFEDD-B9E2-452D-B37A-4F46645AF376}.Release|x64.ActiveCfg = Release|Any CPU
		{C58DFEDD-B9E2-452D-B37A-4F46645AF376}.Release|x64.Build.0 = Release|Any CPU
		{C58DFEDD-B9E2-452D-B37A-4F46645AF376}.Release|x86.ActiveCfg = Release|Any CPU
		{C58DFEDD-B9E2-452D-B37A-4F46645AF376}.Release|x86.Build.0 = Release|Any CPU
		{E6B16D3C-09E5-4A10-B541-CFA29E817936}.Debug|Any CPU.ActiveCfg = Debug|Any CPU
		{E6B16D3C-09E5-4A10-B541-CFA29E817936}.Debug|Any CPU.Build.0 = Debug|Any CPU
		{E6B16D3C-09E5-4A10-B541-CFA29E817936}.Debug|x64.ActiveCfg = Debug|Any CPU
		{E6B16D3C-09E5-4A10-B541-CFA29E817936}.Debug|x64.Build.0 = Debug|Any CPU
		{E6B16D3C-09E5-4A10-B541-CFA29E817936}.Debug|x86.ActiveCfg = Debug|Any CPU
		{E6B16D3C-09E5-4A10-B541-CFA29E817936}.Debug|x86.Build.0 = Debug|Any CPU
		{E6B16D3C-09E5-4A10-B541-CFA29E817936}.Release|Any CPU.ActiveCfg = Release|Any CPU
		{E6B16D3C-09E5-4A10-B541-CFA29E817936}.Release|Any CPU.Build.0 = Release|Any CPU
		{E6B16D3C-09E5-4A10-B541-CFA29E817936}.Release|x64.ActiveCfg = Release|Any CPU
		{E6B16D3C-09E5-4A10-B541-CFA29E817936}.Release|x64.Build.0 = Release|Any CPU
		{E6B16D3C-09E5-4A10-B541-CFA29E817936}.Release|x86.ActiveCfg = Release|Any CPU
		{E6B16D3C-09E5-4A10-B541-CFA29E817936}.Release|x86.Build.0 = Release|Any CPU
	EndGlobalSection
	GlobalSection(SolutionProperties) = preSolution
		HideSolutionNode = FALSE
	EndGlobalSection
	GlobalSection(NestedProjects) = preSolution
		{1BF1F842-1BAF-4C14-AFC5-6B487CD58732} = {827E0CD3-B72D-47B6-A68D-7590B98EB39B}
		{5320AE00-8094-4983-B13B-DC36D0076629} = {827E0CD3-B72D-47B6-A68D-7590B98EB39B}
		{0ACCA640-BAF5-4A3E-8486-0E5C9A56050D} = {827E0CD3-B72D-47B6-A68D-7590B98EB39B}
		{847C140E-1F33-43CB-87E0-294203F9B1D5} = {827E0CD3-B72D-47B6-A68D-7590B98EB39B}
		{EAF6A8AE-3F34-4D8D-85D6-0B83AFC6E144} = {827E0CD3-B72D-47B6-A68D-7590B98EB39B}
		{70F47413-20DA-41BA-ABE5-50E2ABBA0B60} = {827E0CD3-B72D-47B6-A68D-7590B98EB39B}
		{6C932184-783C-4F77-A5AD-B7F4B4EC67B7} = {827E0CD3-B72D-47B6-A68D-7590B98EB39B}
		{44E6F8E3-D478-4F5A-88D4-C0E97FCF82F2} = {827E0CD3-B72D-47B6-A68D-7590B98EB39B}
		{AC15022A-C3B8-48A4-9DB6-D3E24273810D} = {827E0CD3-B72D-47B6-A68D-7590B98EB39B}
		{5E4C33EE-1307-41DA-B90C-1885140FD7E8} = {827E0CD3-B72D-47B6-A68D-7590B98EB39B}
		{C58DFEDD-B9E2-452D-B37A-4F46645AF376} = {827E0CD3-B72D-47B6-A68D-7590B98EB39B}
		{E6B16D3C-09E5-4A10-B541-CFA29E817936} = {827E0CD3-B72D-47B6-A68D-7590B98EB39B}
	EndGlobalSection
EndGlobal
